// !$*UTF8*$!
{
	archiveVersion = 1;
	classes = {
	};
	objectVersion = 46;
	objects = {

/* Begin PBXBuildFile section */
		DBDB36D21A5C4CB2009F387E /* main.m in Sources */ = {isa = PBXBuildFile; fileRef = DBDB36D11A5C4CB2009F387E /* main.m */; };
		DBDB36D51A5C4CB2009F387E /* AppDelegate.m in Sources */ = {isa = PBXBuildFile; fileRef = DBDB36D41A5C4CB2009F387E /* AppDelegate.m */; };
		DBDB36D81A5C4CB2009F387E /* TableExamples.xcdatamodeld in Sources */ = {isa = PBXBuildFile; fileRef = DBDB36D61A5C4CB2009F387E /* TableExamples.xcdatamodeld */; };
		DBDB36DB1A5C4CB2009F387E /* MasterViewController.m in Sources */ = {isa = PBXBuildFile; fileRef = DBDB36DA1A5C4CB2009F387E /* MasterViewController.m */; };
		DBDB36DE1A5C4CB2009F387E /* DetailViewController.m in Sources */ = {isa = PBXBuildFile; fileRef = DBDB36DD1A5C4CB2009F387E /* DetailViewController.m */; };
		DBDB36E11A5C4CB2009F387E /* Main.storyboard in Resources */ = {isa = PBXBuildFile; fileRef = DBDB36DF1A5C4CB2009F387E /* Main.storyboard */; };
		DBDB36E31A5C4CB2009F387E /* Images.xcassets in Resources */ = {isa = PBXBuildFile; fileRef = DBDB36E21A5C4CB2009F387E /* Images.xcassets */; };
		DBDB36E61A5C4CB2009F387E /* LaunchScreen.xib in Resources */ = {isa = PBXBuildFile; fileRef = DBDB36E41A5C4CB2009F387E /* LaunchScreen.xib */; };
		DBDB36F21A5C4CB2009F387E /* TableExamplesTests.m in Sources */ = {isa = PBXBuildFile; fileRef = DBDB36F11A5C4CB2009F387E /* TableExamplesTests.m */; };
/* End PBXBuildFile section */

/* Begin PBXContainerItemProxy section */
		DBDB36EC1A5C4CB2009F387E /* PBXContainerItemProxy */ = {
			isa = PBXContainerItemProxy;
			containerPortal = DBDB36C41A5C4CB2009F387E /* Project object */;
			proxyType = 1;
			remoteGlobalIDString = DBDB36CB1A5C4CB2009F387E;
			remoteInfo = TableExamples;
		};
/* End PBXContainerItemProxy section */

/* Begin PBXFileReference section */
		DBDB36CC1A5C4CB2009F387E /* TableExamples.app */ = {isa = PBXFileReference; explicitFileType = wrapper.application; includeInIndex = 0; path = TableExamples.app; sourceTree = BUILT_PRODUCTS_DIR; };
		DBDB36D01A5C4CB2009F387E /* Info.plist */ = {isa = PBXFileReference; lastKnownFileType = text.plist.xml; path = Info.plist; sourceTree = "<group>"; };
		DBDB36D11A5C4CB2009F387E /* main.m */ = {isa = PBXFileReference; lastKnownFileType = sourcecode.c.objc; path = main.m; sourceTree = "<group>"; };
		DBDB36D31A5C4CB2009F387E /* AppDelegate.h */ = {isa = PBXFileReference; lastKnownFileType = sourcecode.c.h; path = AppDelegate.h; sourceTree = "<group>"; };
		DBDB36D41A5C4CB2009F387E /* AppDelegate.m */ = {isa = PBXFileReference; lastKnownFileType = sourcecode.c.objc; path = AppDelegate.m; sourceTree = "<group>"; };
		DBDB36D71A5C4CB2009F387E /* TableExamples.xcdatamodel */ = {isa = PBXFileReference; lastKnownFileType = wrapper.xcdatamodel; path = TableExamples.xcdatamodel; sourceTree = "<group>"; };
		DBDB36D91A5C4CB2009F387E /* MasterViewController.h */ = {isa = PBXFileReference; lastKnownFileType = sourcecode.c.h; path = MasterViewController.h; sourceTree = "<group>"; };
		DBDB36DA1A5C4CB2009F387E /* MasterViewController.m */ = {isa = PBXFileReference; lastKnownFileType = sourcecode.c.objc; path = MasterViewController.m; sourceTree = "<group>"; };
		DBDB36DC1A5C4CB2009F387E /* DetailViewController.h */ = {isa = PBXFileReference; lastKnownFileType = sourcecode.c.h; path = DetailViewController.h; sourceTree = "<group>"; };
		DBDB36DD1A5C4CB2009F387E /* DetailViewController.m */ = {isa = PBXFileReference; lastKnownFileType = sourcecode.c.objc; path = DetailViewController.m; sourceTree = "<group>"; };
		DBDB36E01A5C4CB2009F387E /* Base */ = {isa = PBXFileReference; lastKnownFileType = file.storyboard; name = Base; path = Base.lproj/Main.storyboard; sourceTree = "<group>"; };
		DBDB36E21A5C4CB2009F387E /* Images.xcassets */ = {isa = PBXFileReference; lastKnownFileType = folder.assetcatalog; path = Images.xcassets; sourceTree = "<group>"; };
		DBDB36E51A5C4CB2009F387E /* Base */ = {isa = PBXFileReference; lastKnownFileType = file.xib; name = Base; path = Base.lproj/LaunchScreen.xib; sourceTree = "<group>"; };
		DBDB36EB1A5C4CB2009F387E /* TableExamplesTests.xctest */ = {isa = PBXFileReference; explicitFileType = wrapper.cfbundle; includeInIndex = 0; path = TableExamplesTests.xctest; sourceTree = BUILT_PRODUCTS_DIR; };
		DBDB36F01A5C4CB2009F387E /* Info.plist */ = {isa = PBXFileReference; lastKnownFileType = text.plist.xml; path = Info.plist; sourceTree = "<group>"; };
		DBDB36F11A5C4CB2009F387E /* TableExamplesTests.m */ = {isa = PBXFileReference; lastKnownFileType = sourcecode.c.objc; path = TableExamplesTests.m; sourceTree = "<group>"; };
/* End PBXFileReference section */

/* Begin PBXFrameworksBuildPhase section */
		DBDB36C91A5C4CB2009F387E /* Frameworks */ = {
			isa = PBXFrameworksBuildPhase;
			buildActionMask = 2147483647;
			files = (
			);
			runOnlyForDeploymentPostprocessing = 0;
		};
		DBDB36E81A5C4CB2009F387E /* Frameworks */ = {
			isa = PBXFrameworksBuildPhase;
			buildActionMask = 2147483647;
			files = (
			);
			runOnlyForDeploymentPostprocessing = 0;
		};
/* End PBXFrameworksBuildPhase section */

/* Begin PBXGroup section */
		DBDB36C31A5C4CB2009F387E = {
			isa = PBXGroup;
			children = (
				DBDB36CE1A5C4CB2009F387E /* TableExamples */,
				DBDB36EE1A5C4CB2009F387E /* TableExamplesTests */,
				DBDB36CD1A5C4CB2009F387E /* Products */,
			);
			sourceTree = "<group>";
		};
		DBDB36CD1A5C4CB2009F387E /* Products */ = {
			isa = PBXGroup;
			children = (
				DBDB36CC1A5C4CB2009F387E /* TableExamples.app */,
				DBDB36EB1A5C4CB2009F387E /* TableExamplesTests.xctest */,
			);
			name = Products;
			sourceTree = "<group>";
		};
		DBDB36CE1A5C4CB2009F387E /* TableExamples */ = {
			isa = PBXGroup;
			children = (
				DBDB36D31A5C4CB2009F387E /* AppDelegate.h */,
				DBDB36D41A5C4CB2009F387E /* AppDelegate.m */,
				DBDB36D91A5C4CB2009F387E /* MasterViewController.h */,
				DBDB36DA1A5C4CB2009F387E /* MasterViewController.m */,
				DBDB36DC1A5C4CB2009F387E /* DetailViewController.h */,
				DBDB36DD1A5C4CB2009F387E /* DetailViewController.m */,
				DBDB36DF1A5C4CB2009F387E /* Main.storyboard */,
				DBDB36E21A5C4CB2009F387E /* Images.xcassets */,
				DBDB36E41A5C4CB2009F387E /* LaunchScreen.xib */,
				DBDB36D61A5C4CB2009F387E /* TableExamples.xcdatamodeld */,
				DBDB36CF1A5C4CB2009F387E /* Supporting Files */,
			);
			path = TableExamples;
			sourceTree = "<group>";
		};
		DBDB36CF1A5C4CB2009F387E /* Supporting Files */ = {
			isa = PBXGroup;
			children = (
				DBDB36D01A5C4CB2009F387E /* Info.plist */,
				DBDB36D11A5C4CB2009F387E /* main.m */,
			);
			name = "Supporting Files";
			sourceTree = "<group>";
		};
		DBDB36EE1A5C4CB2009F387E /* TableExamplesTests */ = {
			isa = PBXGroup;
			children = (
				DBDB36F11A5C4CB2009F387E /* TableExamplesTests.m */,
				DBDB36EF1A5C4CB2009F387E /* Supporting Files */,
			);
			path = TableExamplesTests;
			sourceTree = "<group>";
		};
		DBDB36EF1A5C4CB2009F387E /* Supporting Files */ = {
			isa = PBXGroup;
			children = (
				DBDB36F01A5C4CB2009F387E /* Info.plist */,
			);
			name = "Supporting Files";
			sourceTree = "<group>";
		};
/* End PBXGroup section */

/* Begin PBXNativeTarget section */
		DBDB36CB1A5C4CB2009F387E /* TableExamples */ = {
			isa = PBXNativeTarget;
			buildConfigurationList = DBDB36F51A5C4CB2009F387E /* Build configuration list for PBXNativeTarget "TableExamples" */;
			buildPhases = (
				DBDB36C81A5C4CB2009F387E /* Sources */,
				DBDB36C91A5C4CB2009F387E /* Frameworks */,
				DBDB36CA1A5C4CB2009F387E /* Resources */,
			);
			buildRules = (
			);
			dependencies = (
			);
			name = TableExamples;
			productName = TableExamples;
			productReference = DBDB36CC1A5C4CB2009F387E /* TableExamples.app */;
			productType = "com.apple.product-type.application";
		};
		DBDB36EA1A5C4CB2009F387E /* TableExamplesTests */ = {
			isa = PBXNativeTarget;
			buildConfigurationList = DBDB36F81A5C4CB2009F387E /* Build configuration list for PBXNativeTarget "TableExamplesTests" */;
			buildPhases = (
				DBDB36E71A5C4CB2009F387E /* Sources */,
				DBDB36E81A5C4CB2009F387E /* Frameworks */,
				DBDB36E91A5C4CB2009F387E /* Resources */,
			);
			buildRules = (
			);
			dependencies = (
				DBDB36ED1A5C4CB2009F387E /* PBXTargetDependency */,
			);
			name = TableExamplesTests;
			productName = TableExamplesTests;
			productReference = DBDB36EB1A5C4CB2009F387E /* TableExamplesTests.xctest */;
			productType = "com.apple.product-type.bundle.unit-test";
		};
/* End PBXNativeTarget section */

/* Begin PBXProject section */
		DBDB36C41A5C4CB2009F387E /* Project object */ = {
			isa = PBXProject;
			attributes = {
				LastUpgradeCheck = 0610;
				ORGANIZATIONNAME = "John Dyer";
				TargetAttributes = {
					DBDB36CB1A5C4CB2009F387E = {
						CreatedOnToolsVersion = 6.1.1;
					};
					DBDB36EA1A5C4CB2009F387E = {
						CreatedOnToolsVersion = 6.1.1;
						TestTargetID = DBDB36CB1A5C4CB2009F387E;
					};
				};
			};
			buildConfigurationList = DBDB36C71A5C4CB2009F387E /* Build configuration list for PBXProject "TableExamples" */;
			compatibilityVersion = "Xcode 3.2";
			developmentRegion = English;
			hasScannedForEncodings = 0;
			knownRegions = (
				en,
				Base,
			);
			mainGroup = DBDB36C31A5C4CB2009F387E;
			productRefGroup = DBDB36CD1A5C4CB2009F387E /* Products */;
			projectDirPath = "";
			projectRoot = "";
			targets = (
				DBDB36CB1A5C4CB2009F387E /* TableExamples */,
				DBDB36EA1A5C4CB2009F387E /* TableExamplesTests */,
			);
		};
/* End PBXProject section */

/* Begin PBXResourcesBuildPhase section */
		DBDB36CA1A5C4CB2009F387E /* Resources */ = {
			isa = PBXResourcesBuildPhase;
			buildActionMask = 2147483647;
			files = (
				DBDB36E11A5C4CB2009F387E /* Main.storyboard in Resources */,
				DBDB36E61A5C4CB2009F387E /* LaunchScreen.xib in Resources */,
				DBDB36E31A5C4CB2009F387E /* Images.xcassets in Resources */,
			);
			runOnlyForDeploymentPostprocessing = 0;
		};
		DBDB36E91A5C4CB2009F387E /* Resources */ = {
			isa = PBXResourcesBuildPhase;
			buildActionMask = 2147483647;
			files = (
			);
			runOnlyForDeploymentPostprocessing = 0;
		};
/* End PBXResourcesBuildPhase section */

/* Begin PBXSourcesBuildPhase section */
		DBDB36C81A5C4CB2009F387E /* Sources */ = {
			isa = PBXSourcesBuildPhase;
			buildActionMask = 2147483647;
			files = (
				DBDB36DE1A5C4CB2009F387E /* DetailViewController.m in Sources */,
				DBDB36DB1A5C4CB2009F387E /* MasterViewController.m in Sources */,
				DBDB36D81A5C4CB2009F387E /* TableExamples.xcdatamodeld in Sources */,
				DBDB36D51A5C4CB2009F387E /* AppDelegate.m in Sources */,
				DBDB36D21A5C4CB2009F387E /* main.m in Sources */,
			);
			runOnlyForDeploymentPostprocessing = 0;
		};
		DBDB36E71A5C4CB2009F387E /* Sources */ = {
			isa = PBXSourcesBuildPhase;
			buildActionMask = 2147483647;
			files = (
				DBDB36F21A5C4CB2009F387E /* TableExamplesTests.m in Sources */,
			);
			runOnlyForDeploymentPostprocessing = 0;
		};
/* End PBXSourcesBuildPhase section */

/* Begin PBXTargetDependency section */
		DBDB36ED1A5C4CB2009F387E /* PBXTargetDependency */ = {
			isa = PBXTargetDependency;
			target = DBDB36CB1A5C4CB2009F387E /* TableExamples */;
			targetProxy = DBDB36EC1A5C4CB2009F387E /* PBXContainerItemProxy */;
		};
/* End PBXTargetDependency section */

/* Begin PBXVariantGroup section */
		DBDB36DF1A5C4CB2009F387E /* Main.storyboard */ = {
			isa = PBXVariantGroup;
			children = (
				DBDB36E01A5C4CB2009F387E /* Base */,
			);
			name = Main.storyboard;
			sourceTree = "<group>";
		};
		DBDB36E41A5C4CB2009F387E /* LaunchScreen.xib */ = {
			isa = PBXVariantGroup;
			children = (
				DBDB36E51A5C4CB2009F387E /* Base */,
			);
			name = LaunchScreen.xib;
			sourceTree = "<group>";
		};
/* End PBXVariantGroup section */

/* Begin XCBuildConfiguration section */
		DBDB36F31A5C4CB2009F387E /* Debug */ = {
			isa = XCBuildConfiguration;
			buildSettings = {
				ALWAYS_SEARCH_USER_PATHS = NO;
				CLANG_CXX_LANGUAGE_STANDARD = "gnu++0x";
				CLANG_CXX_LIBRARY = "libc++";
				CLANG_ENABLE_MODULES = YES;
				CLANG_ENABLE_OBJC_ARC = YES;
				CLANG_WARN_BOOL_CONVERSION = YES;
				CLANG_WARN_CONSTANT_CONVERSION = YES;
				CLANG_WARN_DIRECT_OBJC_ISA_USAGE = YES_ERROR;
				CLANG_WARN_EMPTY_BODY = YES;
				CLANG_WARN_ENUM_CONVERSION = YES;
				CLANG_WARN_INT_CONVERSION = YES;
				CLANG_WARN_OBJC_ROOT_CLASS = YES_ERROR;
				CLANG_WARN_UNREACHABLE_CODE = YES;
				CLANG_WARN__DUPLICATE_METHOD_MATCH = YES;
				"CODE_SIGN_IDENTITY[sdk=iphoneos*]" = "iPhone Developer";
				COPY_PHASE_STRIP = NO;
				ENABLE_STRICT_OBJC_MSGSEND = YES;
				GCC_C_LANGUAGE_STANDARD = gnu99;
				GCC_DYNAMIC_NO_PIC = NO;
				GCC_OPTIMIZATION_LEVEL = 0;
				GCC_PREPROCESSOR_DEFINITIONS = (
					"DEBUG=1",
					"$(inherited)",
				);
				GCC_SYMBOLS_PRIVATE_EXTERN = NO;
				GCC_WARN_64_TO_32_BIT_CONVERSION = YES;
				GCC_WARN_ABOUT_RETURN_TYPE = YES_ERROR;
				GCC_WARN_UNDECLARED_SELECTOR = YES;
				GCC_WARN_UNINITIALIZED_AUTOS = YES_AGGRESSIVE;
				GCC_WARN_UNUSED_FUNCTION = YES;
				GCC_WARN_UNUSED_VARIABLE = YES;
				IPHONEOS_DEPLOYMENT_TARGET = 8.1;
				MTL_ENABLE_DEBUG_INFO = YES;
				ONLY_ACTIVE_ARCH = YES;
				SDKROOT = iphoneos;
				TARGETED_DEVICE_FAMILY = "1,2";
			};
			name = Debug;
		};
		DBDB36F41A5C4CB2009F387E /* Release */ = {
			isa = XCBuildConfiguration;
			buildSettings = {
				ALWAYS_SEARCH_USER_PATHS = NO;
				CLANG_CXX_LANGUAGE_STANDARD = "gnu++0x";
				CLANG_CXX_LIBRARY = "libc++";
				CLANG_ENABLE_MODULES = YES;
				CLANG_ENABLE_OBJC_ARC = YES;
				CLANG_WARN_BOOL_CONVERSION = YES;
				CLANG_WARN_CONSTANT_CONVERSION = YES;
				CLANG_WARN_DIRECT_OBJC_ISA_USAGE = YES_ERROR;
				CLANG_WARN_EMPTY_BODY = YES;
				CLANG_WARN_ENUM_CONVERSION = YES;
				CLANG_WARN_INT_CONVERSION = YES;
				CLANG_WARN_OBJC_ROOT_CLASS = YES_ERROR;
				CLANG_WARN_UNREACHABLE_CODE = YES;
				CLANG_WARN__DUPLICATE_METHOD_MATCH = YES;
				"CODE_SIGN_IDENTITY[sdk=iphoneos*]" = "iPhone Developer";
				COPY_PHASE_STRIP = YES;
				ENABLE_NS_ASSERTIONS = NO;
				ENABLE_STRICT_OBJC_MSGSEND = YES;
				GCC_C_LANGUAGE_STANDARD = gnu99;
				GCC_WARN_64_TO_32_BIT_CONVERSION = YES;
				GCC_WARN_ABOUT_RETURN_TYPE = YES_ERROR;
				GCC_WARN_UNDECLARED_SELECTOR = YES;
				GCC_WARN_UNINITIALIZED_AUTOS = YES_AGGRESSIVE;
				GCC_WARN_UNUSED_FUNCTION = YES;
				GCC_WARN_UNUSED_VARIABLE = YES;
				IPHONEOS_DEPLOYMENT_TARGET = 8.1;
				MTL_ENABLE_DEBUG_INFO = NO;
				SDKROOT = iphoneos;
				TARGETED_DEVICE_FAMILY = "1,2";
				VALIDATE_PRODUCT = YES;
			};
			name = Release;
		};
		DBDB36F61A5C4CB2009F387E /* Debug */ = {
			isa = XCBuildConfiguration;
			buildSettings = {
				ASSETCATALOG_COMPILER_APPICON_NAME = AppIcon;
				INFOPLIST_FILE = TableExamples/Info.plist;
				LD_RUNPATH_SEARCH_PATHS = "$(inherited) @executable_path/Frameworks";
				PRODUCT_NAME = "$(TARGET_NAME)";
			};
			name = Debug;
		};
		DBDB36F71A5C4CB2009F387E /* Release */ = {
			isa = XCBuildConfiguration;
			buildSettings = {
				ASSETCATALOG_COMPILER_APPICON_NAME = AppIcon;
				INFOPLIST_FILE = TableExamples/Info.plist;
				LD_RUNPATH_SEARCH_PATHS = "$(inherited) @executable_path/Frameworks";
				PRODUCT_NAME = "$(TARGET_NAME)";
			};
			name = Release;
		};
		DBDB36F91A5C4CB2009F387E /* Debug */ = {
			isa = XCBuildConfiguration;
			buildSettings = {
				BUNDLE_LOADER = "$(TEST_HOST)";
				FRAMEWORK_SEARCH_PATHS = (
					"$(SDKROOT)/Developer/Library/Frameworks",
					"$(inherited)",
				);
				GCC_PREPROCESSOR_DEFINITIONS = (
					"DEBUG=1",
					"$(inherited)",
				);
				INFOPLIST_FILE = TableExamplesTests/Info.plist;
				LD_RUNPATH_SEARCH_PATHS = "$(inherited) @executable_path/Frameworks @loader_path/Frameworks";
				PRODUCT_NAME = "$(TARGET_NAME)";
				TEST_HOST = "$(BUILT_PRODUCTS_DIR)/TableExamples.app/TableExamples";
			};
			name = Debug;
		};
		DBDB36FA1A5C4CB2009F387E /* Release */ = {
			isa = XCBuildConfiguration;
			buildSettings = {
				BUNDLE_LOADER = "$(TEST_HOST)";
				FRAMEWORK_SEARCH_PATHS = (
					"$(SDKROOT)/Developer/Library/Frameworks",
					"$(inherited)",
				);
				INFOPLIST_FILE = TableExamplesTests/Info.plist;
				LD_RUNPATH_SEARCH_PATHS = "$(inherited) @executable_path/Frameworks @loader_path/Frameworks";
				PRODUCT_NAME = "$(TARGET_NAME)";
				TEST_HOST = "$(BUILT_PRODUCTS_DIR)/TableExamples.app/TableExamples";
			};
			name = Release;
		};
/* End XCBuildConfiguration section */

/* Begin XCConfigurationList section */
		DBDB36C71A5C4CB2009F387E /* Build configuration list for PBXProject "TableExamples" */ = {
			isa = XCConfigurationList;
			buildConfigurations = (
				DBDB36F31A5C4CB2009F387E /* Debug */,
				DBDB36F41A5C4CB2009F387E /* Release */,
			);
			defaultConfigurationIsVisible = 0;
			defaultConfigurationName = Release;
		};
		DBDB36F51A5C4CB2009F387E /* Build configuration list for PBXNativeTarget "TableExamples" */ = {
			isa = XCConfigurationList;
			buildConfigurations = (
				DBDB36F61A5C4CB2009F387E /* Debug */,
				DBDB36F71A5C4CB2009F387E /* Release */,
			);
			defaultConfigurationIsVisible = 0;
		};
		DBDB36F81A5C4CB2009F387E /* Build configuration list for PBXNativeTarget "TableExamplesTests" */ = {
			isa = XCConfigurationList;
			buildConfigurations = (
				DBDB36F91A5C4CB2009F387E /* Debug */,
				DBDB36FA1A5C4CB2009F387E /* Release */,
			);
			defaultConfigurationIsVisible = 0;
		};
/* End XCConfigurationList section */

/* Begin XCVersionGroup section */
		DBDB36D61A5C4CB2009F387E /* TableExamples.xcdatamodeld */ = {
			isa = XCVersionGroup;
			children = (
				DBDB36D71A5C4CB2009F387E /* TableExamples.xcdatamodel */,
			);
			currentVersion = DBDB36D71A5C4CB2009F387E /* TableExamples.xcdatamodel */;
			path = TableExamples.xcdatamodeld;
			sourceTree = "<group>";
			versionGroupType = wrapper.xcdatamodel;
		};
/* End XCVersionGroup section */
	};
	rootObject = DBDB36C41A5C4CB2009F387E /* Project object */;
}
